
Microsoft Visual Studio Solution File, Format Version 12.00
# Visual Studio Version 17
VisualStudioVersion = 17.8.34316.72
MinimumVisualStudioVersion = 10.0.40219.1
Project("{FAE04EC0-301F-11D3-BF4B-00C04F79EFBC}") = "Q-11 sum of odd numbers", "Q-11 sum of odd numbers.csproj", "{EFC4942D-1775-4B69-8B11-4DD88DAD3222}"
EndProject
Global
	GlobalSection(SolutionConfigurationPlatforms) = preSolution
		Debug|Any CPU = Debug|Any CPU
		Release|Any CPU = Release|Any CPU
	EndGlobalSection
	GlobalSection(ProjectConfigurationPlatforms) = postSolution
		{EFC4942D-1775-4B69-8B11-4DD88DAD3222}.Debug|Any CPU.ActiveCfg = Debug|Any CPU
		{EFC4942D-1775-4B69-8B11-4DD88DAD3222}.Debug|Any CPU.Build.0 = Debug|Any CPU
		{EFC4942D-1775-4B69-8B11-4DD88DAD3222}.Release|Any CPU.ActiveCfg = Release|Any CPU
		{EFC4942D-1775-4B69-8B11-4DD88DAD3222}.Release|Any CPU.Build.0 = Release|Any CPU
	EndGlobalSection
	GlobalSection(SolutionProperties) = preSolution
		HideSolutionNode = FALSE
	EndGlobalSection
	GlobalSection(ExtensibilityGlobals) = postSolution
		SolutionGuid = {0B537A2B-0516-40F1-ADFC-C2B1E200E252}
	EndGlobalSection
EndGlobal
