
Microsoft Visual Studio Solution File, Format Version 12.00
# Visual Studio Version 17
VisualStudioVersion = 17.8.34316.72
MinimumVisualStudioVersion = 10.0.40219.1
Project("{FAE04EC0-301F-11D3-BF4B-00C04F79EFBC}") = "Q-4 Pattern Program-4", "Q-4 Pattern Program-4.csproj", "{783087FC-6B1A-4F41-A46B-DB47FA13120E}"
EndProject
Global
	GlobalSection(SolutionConfigurationPlatforms) = preSolution
		Debug|Any CPU = Debug|Any CPU
		Release|Any CPU = Release|Any CPU
	EndGlobalSection
	GlobalSection(ProjectConfigurationPlatforms) = postSolution
		{783087FC-6B1A-4F41-A46B-DB47FA13120E}.Debug|Any CPU.ActiveCfg = Debug|Any CPU
		{783087FC-6B1A-4F41-A46B-DB47FA13120E}.Debug|Any CPU.Build.0 = Debug|Any CPU
		{783087FC-6B1A-4F41-A46B-DB47FA13120E}.Release|Any CPU.ActiveCfg = Release|Any CPU
		{783087FC-6B1A-4F41-A46B-DB47FA13120E}.Release|Any CPU.Build.0 = Release|Any CPU
	EndGlobalSection
	GlobalSection(SolutionProperties) = preSolution
		HideSolutionNode = FALSE
	EndGlobalSection
	GlobalSection(ExtensibilityGlobals) = postSolution
		SolutionGuid = {2000D963-BEAE-4955-BEC2-3588AB1EC691}
	EndGlobalSection
EndGlobal
