
Microsoft Visual Studio Solution File, Format Version 12.00
# Visual Studio Version 17
VisualStudioVersion = 17.8.34316.72
MinimumVisualStudioVersion = 10.0.40219.1
Project("{FAE04EC0-301F-11D3-BF4B-00C04F79EFBC}") = "Q-8 Pattern Program-8 based on given range", "Q-8 Pattern Program-8 based on given range.csproj", "{A5E75FB7-8498-4601-A26A-624825EB58B5}"
EndProject
Global
	GlobalSection(SolutionConfigurationPlatforms) = preSolution
		Debug|Any CPU = Debug|Any CPU
		Release|Any CPU = Release|Any CPU
	EndGlobalSection
	GlobalSection(ProjectConfigurationPlatforms) = postSolution
		{A5E75FB7-8498-4601-A26A-624825EB58B5}.Debug|Any CPU.ActiveCfg = Debug|Any CPU
		{A5E75FB7-8498-4601-A26A-624825EB58B5}.Debug|Any CPU.Build.0 = Debug|Any CPU
		{A5E75FB7-8498-4601-A26A-624825EB58B5}.Release|Any CPU.ActiveCfg = Release|Any CPU
		{A5E75FB7-8498-4601-A26A-624825EB58B5}.Release|Any CPU.Build.0 = Release|Any CPU
	EndGlobalSection
	GlobalSection(SolutionProperties) = preSolution
		HideSolutionNode = FALSE
	EndGlobalSection
	GlobalSection(ExtensibilityGlobals) = postSolution
		SolutionGuid = {3D55E46D-073B-442C-AF48-C58185929617}
	EndGlobalSection
EndGlobal
