
Microsoft Visual Studio Solution File, Format Version 12.00
# Visual Studio Version 17
VisualStudioVersion = 17.8.34316.72
MinimumVisualStudioVersion = 10.0.40219.1
Project("{FAE04EC0-301F-11D3-BF4B-00C04F79EFBC}") = "Q-9 Pattern Program-9 based on given range", "Q-9 Pattern Program-9 based on given range.csproj", "{D894BB30-3C1F-4231-8A83-1C1E8930305F}"
EndProject
Global
	GlobalSection(SolutionConfigurationPlatforms) = preSolution
		Debug|Any CPU = Debug|Any CPU
		Release|Any CPU = Release|Any CPU
	EndGlobalSection
	GlobalSection(ProjectConfigurationPlatforms) = postSolution
		{D894BB30-3C1F-4231-8A83-1C1E8930305F}.Debug|Any CPU.ActiveCfg = Debug|Any CPU
		{D894BB30-3C1F-4231-8A83-1C1E8930305F}.Debug|Any CPU.Build.0 = Debug|Any CPU
		{D894BB30-3C1F-4231-8A83-1C1E8930305F}.Release|Any CPU.ActiveCfg = Release|Any CPU
		{D894BB30-3C1F-4231-8A83-1C1E8930305F}.Release|Any CPU.Build.0 = Release|Any CPU
	EndGlobalSection
	GlobalSection(SolutionProperties) = preSolution
		HideSolutionNode = FALSE
	EndGlobalSection
	GlobalSection(ExtensibilityGlobals) = postSolution
		SolutionGuid = {AA8DEE73-5E0F-4319-ACB8-C5EE031E18AE}
	EndGlobalSection
EndGlobal
