
Microsoft Visual Studio Solution File, Format Version 12.00
# Visual Studio Version 17
VisualStudioVersion = 17.8.34316.72
MinimumVisualStudioVersion = 10.0.40219.1
Project("{FAE04EC0-301F-11D3-BF4B-00C04F79EFBC}") = "Q-2 Multiplication of given range", "Q-2 Multiplication of given range.csproj", "{487772D7-7CF6-4200-B7AF-2FE6993E4507}"
EndProject
Global
	GlobalSection(SolutionConfigurationPlatforms) = preSolution
		Debug|Any CPU = Debug|Any CPU
		Release|Any CPU = Release|Any CPU
	EndGlobalSection
	GlobalSection(ProjectConfigurationPlatforms) = postSolution
		{487772D7-7CF6-4200-B7AF-2FE6993E4507}.Debug|Any CPU.ActiveCfg = Debug|Any CPU
		{487772D7-7CF6-4200-B7AF-2FE6993E4507}.Debug|Any CPU.Build.0 = Debug|Any CPU
		{487772D7-7CF6-4200-B7AF-2FE6993E4507}.Release|Any CPU.ActiveCfg = Release|Any CPU
		{487772D7-7CF6-4200-B7AF-2FE6993E4507}.Release|Any CPU.Build.0 = Release|Any CPU
	EndGlobalSection
	GlobalSection(SolutionProperties) = preSolution
		HideSolutionNode = FALSE
	EndGlobalSection
	GlobalSection(ExtensibilityGlobals) = postSolution
		SolutionGuid = {51E97E35-325B-44F6-B89C-99F6112F359B}
	EndGlobalSection
EndGlobal
