
Microsoft Visual Studio Solution File, Format Version 12.00
# Visual Studio Version 17
VisualStudioVersion = 17.8.34316.72
MinimumVisualStudioVersion = 10.0.40219.1
Project("{FAE04EC0-301F-11D3-BF4B-00C04F79EFBC}") = "Q-9 checking given number is even or not", "Q-9 checking given number is even or not.csproj", "{2DE91F47-BEF2-4E56-9373-32FF00BEBDB3}"
EndProject
Global
	GlobalSection(SolutionConfigurationPlatforms) = preSolution
		Debug|Any CPU = Debug|Any CPU
		Release|Any CPU = Release|Any CPU
	EndGlobalSection
	GlobalSection(ProjectConfigurationPlatforms) = postSolution
		{2DE91F47-BEF2-4E56-9373-32FF00BEBDB3}.Debug|Any CPU.ActiveCfg = Debug|Any CPU
		{2DE91F47-BEF2-4E56-9373-32FF00BEBDB3}.Debug|Any CPU.Build.0 = Debug|Any CPU
		{2DE91F47-BEF2-4E56-9373-32FF00BEBDB3}.Release|Any CPU.ActiveCfg = Release|Any CPU
		{2DE91F47-BEF2-4E56-9373-32FF00BEBDB3}.Release|Any CPU.Build.0 = Release|Any CPU
	EndGlobalSection
	GlobalSection(SolutionProperties) = preSolution
		HideSolutionNode = FALSE
	EndGlobalSection
	GlobalSection(ExtensibilityGlobals) = postSolution
		SolutionGuid = {5A09E21A-8521-4E21-B2E4-717C66646EF8}
	EndGlobalSection
EndGlobal
